{
  "name": "11.weather-app",
  "version": "0.1.0",
  "lockfileVersion": 1,
  "requires": true,
  "dependencies": {
    "open-weather-icons": {
      "version": "0.0.7",
      "resolved": "https://registry.npmjs.org/open-weather-icons/-/open-weather-icons-0.0.7.tgz",
      "integrity": "sha512-0Wx03HROSKh7MbN1VGFv2NwPhLTzgjTdQqiMw1YrvPEz1LZA+tUzAOezm05k/Wj06qX0c1O3yr5337o3ClvsZA=="
    }
  }
}
